
Microsoft Visual Studio Solution File, Format Version 12.00
# Visual Studio Version 17
VisualStudioVersion = 17.14.36414.22 d17.14
MinimumVisualStudioVersion = 10.0.40219.1
Project("{FAE04EC0-301F-11D3-BF4B-00C04F79EFBC}") = "csms-backend", "csms-backend\csms-backend.csproj", "{C0FE0E7F-E17D-40B5-B2DE-87EE77CAA8FF}"
EndProject
Global
	GlobalSection(SolutionConfigurationPlatforms) = preSolution
		Debug|Any CPU = Debug|Any CPU
		Release|Any CPU = Release|Any CPU
	EndGlobalSection
	GlobalSection(ProjectConfigurationPlatforms) = postSolution
		{C0FE0E7F-E17D-40B5-B2DE-87EE77CAA8FF}.Debug|Any CPU.ActiveCfg = Debug|Any CPU
		{C0FE0E7F-E17D-40B5-B2DE-87EE77CAA8FF}.Debug|Any CPU.Build.0 = Debug|Any CPU
		{C0FE0E7F-E17D-40B5-B2DE-87EE77CAA8FF}.Release|Any CPU.ActiveCfg = Release|Any CPU
		{C0FE0E7F-E17D-40B5-B2DE-87EE77CAA8FF}.Release|Any CPU.Build.0 = Release|Any CPU
	EndGlobalSection
	GlobalSection(SolutionProperties) = preSolution
		HideSolutionNode = FALSE
	EndGlobalSection
	GlobalSection(ExtensibilityGlobals) = postSolution
		SolutionGuid = {DF602150-EC1E-4D83-974A-37D018A40400}
	EndGlobalSection
EndGlobal
